
Microsoft Visual Studio Solution File, Format Version 12.00
# Visual Studio Version 17
VisualStudioVersion = 17.5.33424.131
MinimumVisualStudioVersion = 10.0.40219.1
Project("{FAE04EC0-301F-11D3-BF4B-00C04F79EFBC}") = "HangmanImprooved", "HangmanImprooved\HangmanImprooved.csproj", "{B84D0102-0027-43BE-B8C7-7D21327E14AF}"
EndProject
Global
	GlobalSection(SolutionConfigurationPlatforms) = preSolution
		Debug|Any CPU = Debug|Any CPU
		Release|Any CPU = Release|Any CPU
	EndGlobalSection
	GlobalSection(ProjectConfigurationPlatforms) = postSolution
		{B84D0102-0027-43BE-B8C7-7D21327E14AF}.Debug|Any CPU.ActiveCfg = Debug|Any CPU
		{B84D0102-0027-43BE-B8C7-7D21327E14AF}.Debug|Any CPU.Build.0 = Debug|Any CPU
		{B84D0102-0027-43BE-B8C7-7D21327E14AF}.Release|Any CPU.ActiveCfg = Release|Any CPU
		{B84D0102-0027-43BE-B8C7-7D21327E14AF}.Release|Any CPU.Build.0 = Release|Any CPU
	EndGlobalSection
	GlobalSection(SolutionProperties) = preSolution
		HideSolutionNode = FALSE
	EndGlobalSection
	GlobalSection(ExtensibilityGlobals) = postSolution
		SolutionGuid = {B994320F-5644-4EE2-91BC-F8B93BDCDB45}
	EndGlobalSection
EndGlobal
